# THIS IS AN AUTOGENERATED FILE. DO NOT EDIT THIS FILE DIRECTLY.
# yarn lockfile v1


dns-protocol@^2.0.1:
  version "2.0.1"
  resolved "https://registry.yarnpkg.com/dns-protocol/-/dns-protocol-2.0.1.tgz#916812020693853dfcf22567f804d273043dfcf6"
  dependencies:
    fluent-binary-converter "4"

fluent-binary-converter@4:
  version "4.0.2"
  resolved "https://registry.yarnpkg.com/fluent-binary-converter/-/fluent-binary-converter-4.0.2.tgz#548fe702e3d38ac02a1d095bdf6c723ae31a3d8a"

tslib@^1.9.3:
  version "1.9.3"
  resolved "https://registry.yarnpkg.com/tslib/-/tslib-1.9.3.tgz#d7e4dd79245d85428c4d7e4822a79917954ca286"
